
Microsoft Visual Studio Solution File, Format Version 12.00
# Visual Studio Version 16
VisualStudioVersion = 16.0.29709.97
MinimumVisualStudioVersion = 10.0.40219.1
Project("{FAE04EC0-301F-11D3-BF4B-00C04F79EFBC}") = "HelloWorld.Mvc", "HelloWorld.Mvc\HelloWorld.Mvc.csproj", "{A0DC2ABB-99EF-4A82-9C15-85C375FCF85F}"
EndProject
Global
	GlobalSection(SolutionConfigurationPlatforms) = preSolution
		Debug|Any CPU = Debug|Any CPU
		Release|Any CPU = Release|Any CPU
	EndGlobalSection
	GlobalSection(ProjectConfigurationPlatforms) = postSolution
		{A0DC2ABB-99EF-4A82-9C15-85C375FCF85F}.Debug|Any CPU.ActiveCfg = Debug|Any CPU
		{A0DC2ABB-99EF-4A82-9C15-85C375FCF85F}.Debug|Any CPU.Build.0 = Debug|Any CPU
		{A0DC2ABB-99EF-4A82-9C15-85C375FCF85F}.Release|Any CPU.ActiveCfg = Release|Any CPU
		{A0DC2ABB-99EF-4A82-9C15-85C375FCF85F}.Release|Any CPU.Build.0 = Release|Any CPU
	EndGlobalSection
	GlobalSection(SolutionProperties) = preSolution
		HideSolutionNode = FALSE
	EndGlobalSection
	GlobalSection(ExtensibilityGlobals) = postSolution
		SolutionGuid = {9CE1389F-9F9A-4699-A88E-79F242E90F02}
	EndGlobalSection
EndGlobal
